{
  "name": "oeuvre",
  "version": "1.0.0",
  "lockfileVersion": 3,
  "requires": true,
  "packages": {
    "": {
      "name": "oeuvre",
      "version": "1.0.0",
      "license": "ISC",
      "dependencies": {
        "vanilla-framework": "^4.11.0"
      }
    },
    "node_modules/vanilla-framework": {
      "version": "4.11.0",
      "resolved": "https://registry.npmjs.org/vanilla-framework/-/vanilla-framework-4.11.0.tgz",
      "integrity": "sha512-S0AAHNVphn3YJ7BQhyHmvKhrqiZcncQBPedwMan18uavB4VfAT8UN0dwgrHQvY/ypUuJiq/GPA0Xe1xcd+E7dg=="
    }
  }
}
